
Microsoft Visual Studio Solution File, Format Version 12.00
# Visual Studio Version 17
VisualStudioVersion = 17.5.2.0
MinimumVisualStudioVersion = 10.0.40219.1
Project("{FAE04EC0-301F-11D3-BF4B-00C04F79EFBC}") = "DosyaBütünlüğüDoğrulayıcı", "DosyaBütünlüğüDoğrulayıcı\DosyaBütünlüğüDoğrulayıcı.csproj", "{D311581D-32B5-AC55-E1F8-3B91324A425D}"
EndProject
Global
	GlobalSection(SolutionConfigurationPlatforms) = preSolution
		Debug|Any CPU = Debug|Any CPU
		Release|Any CPU = Release|Any CPU
	EndGlobalSection
	GlobalSection(ProjectConfigurationPlatforms) = postSolution
		{D311581D-32B5-AC55-E1F8-3B91324A425D}.Debug|Any CPU.ActiveCfg = Debug|Any CPU
		{D311581D-32B5-AC55-E1F8-3B91324A425D}.Debug|Any CPU.Build.0 = Debug|Any CPU
		{D311581D-32B5-AC55-E1F8-3B91324A425D}.Release|Any CPU.ActiveCfg = Release|Any CPU
		{D311581D-32B5-AC55-E1F8-3B91324A425D}.Release|Any CPU.Build.0 = Release|Any CPU
	EndGlobalSection
	GlobalSection(SolutionProperties) = preSolution
		HideSolutionNode = FALSE
	EndGlobalSection
	GlobalSection(ExtensibilityGlobals) = postSolution
		SolutionGuid = {72F4510E-9E39-42D4-AC90-9BEE44201652}
	EndGlobalSection
EndGlobal
